github.com/go-redis/redis/v8 v8.11.5/go.mod h1:gREzHqY1hg6oD9ngVRbLStwAWKhA0FEgq8Jd4h5lpwo=
github.com/google/uuid v1.6.0/go.mod h1:TIyPZe4MgqvfeYDBFedMoGGpEw/LqOeaOT+nhxU+yHo=
github.com/nats-io/nats.go v1.33.0/go.mod h1:Ubdu4Nh9exXdSz0RVWRFBbRfrbSxOYd26oF0wkWclB8=
google.golang.org/grpc v1.59.0/go.mod h1:aUPDwccQo6OTjy7Hct4AfBPD1GptF4fyUjIkQ9YtF98=
google.golang.org/protobuf v1.33.0/go.mod h1:c6P6GXX6sHbq/GpV6MGZEdwhWPcYBgnhAHhKbcUYpos=
gorm.io/driver/postgres v1.5.4/go.mod h1:Bgo89+h0CRcdA33Y6frlaHHVuTdOf87pmyzwW9C/BH0=
gorm.io/gorm v1.25.5/go.mod h1:hbnx/Oo0ChWMn1BIhpy1oYozzpM15i4YPuHDmfYtwg8=
